{
    "_meta": {
        "hash": {
            "sha256": "2dd55c40a93e49e61e821139d4dd44d2c91e85ec5b27bd64a9676932b65db104"
        },
        "pipfile-spec": 6,
        "requires": {
            "python_version": "3.12"
        },
        "sources": [
            {
                "name": "pypi",
                "url": "https://pypi.org/simple",
                "verify_ssl": true
            }
        ]
    },
    "default": {
        "anyio": {
            "hashes": [
                "sha256:5aadc6a1bbb7cdb0bede386cac5e2940f5e2ff3aa20277e991cf028e0585ce94",
                "sha256:c1b2d8f46a8a812513012e1107cb0e68c17159a7a594208005a57dc776e1bdc7"
            ],
            "markers": "python_version >= '3.8'",
            "version": "==4.4.0"
        },
        "asgiref": {
            "hashes": [
                "sha256:3e1e3ecc849832fe52ccf2cb6686b7a55f82bb1d6aee72a58826471390335e47",
                "sha256:c343bd80a0bec947a9860adb4c432ffa7db769836c64238fc34bdc3fec84d590"
            ],
            "markers": "python_version >= '3.8'",
            "version": "==3.8.1"
        },
        "attrs": {
            "hashes": [
                "sha256:5cfb1b9148b5b086569baec03f20d7b6bf3bcacc9a42bebf87ffaaca362f6346",
                "sha256:81921eb96de3191c8258c199618104dd27ac608d9366f5e35d011eae1867ede2"
            ],
            "markers": "python_version >= '3.7'",
            "version": "==24.2.0"
        },
        "click": {
            "hashes": [
                "sha256:ae74fb96c20a0277a1d615f1e4d73c8414f5a98db8b799a7931d1582f3390c28",
                "sha256:ca9853ad459e787e2192211578cc907e7594e294c7ccc834310722b41b9ca6de"
            ],
            "markers": "python_version >= '3.7'",
            "version": "==8.1.7"
        },
        "fastapi": {
            "hashes": [
                "sha256:1803d962f169dc9f8dde54a64b22eb16f6d81573f54401971f90f0a67234a8b4",
                "sha256:bb219cfafd0d2ccf8f32310c9a257a06b0210bd8e2a03706a6f5a9f9f1416878"
            ],
            "index": "pypi",
            "markers": "python_version >= '3.7'",
            "version": "==0.85.0"
        },
        "greenlet": {
            "hashes": [
                "sha256:01059afb9b178606b4b6e92c3e710ea1635597c3537e44da69f4531e111dd5e9",
                "sha256:037d9ac99540ace9424cb9ea89f0accfaff4316f149520b4ae293eebc5bded17",
                "sha256:0e49a65d25d7350cca2da15aac31b6f67a43d867448babf997fe83c7505f57bc",
                "sha256:13ff8c8e54a10472ce3b2a2da007f915175192f18e6495bad50486e87c7f6637",
                "sha256:1544b8dd090b494c55e60c4ff46e238be44fdc472d2589e943c241e0169bcea2",
                "sha256:184258372ae9e1e9bddce6f187967f2e08ecd16906557c4320e3ba88a93438c3",
                "sha256:1ddc7bcedeb47187be74208bc652d63d6b20cb24f4e596bd356092d8000da6d6",
                "sha256:221169d31cada333a0c7fd087b957c8f431c1dba202c3a58cf5a3583ed973e9b",
                "sha256:243a223c96a4246f8a30ea470c440fe9db1f5e444941ee3c3cd79df119b8eebf",
                "sha256:24fc216ec7c8be9becba8b64a98a78f9cd057fd2dc75ae952ca94ed8a893bf27",
                "sha256:2651dfb006f391bcb240635079a68a261b227a10a08af6349cba834a2141efa1",
                "sha256:26811df4dc81271033a7836bc20d12cd30938e6bd2e9437f56fa03da81b0f8fc",
                "sha256:26d9c1c4f1748ccac0bae1dbb465fb1a795a75aba8af8ca871503019f4285e2a",
                "sha256:28fe80a3eb673b2d5cc3b12eea468a5e5f4603c26aa34d88bf61bba82ceb2f9b",
                "sha256:2cd8518eade968bc52262d8c46727cfc0826ff4d552cf0430b8d65aaf50bb91d",
                "sha256:2d004db911ed7b6218ec5c5bfe4cf70ae8aa2223dffbb5b3c69e342bb253cb28",
                "sha256:3d07c28b85b350564bdff9f51c1c5007dfb2f389385d1bc23288de51134ca303",
                "sha256:3e7e6ef1737a819819b1163116ad4b48d06cfdd40352d813bb14436024fcda99",
                "sha256:44151d7b81b9391ed759a2f2865bbe623ef00d648fed59363be2bbbd5154656f",
                "sha256:44cd313629ded43bb3b98737bba2f3e2c2c8679b55ea29ed73daea6b755fe8e7",
                "sha256:4a3dae7492d16e85ea6045fd11cb8e782b63eac8c8d520c3a92c02ac4573b0a6",
                "sha256:4b5ea3664eed571779403858d7cd0a9b0ebf50d57d2cdeafc7748e09ef8cd81a",
                "sha256:4c3446937be153718250fe421da548f973124189f18fe4575a0510b5c928f0cc",
                "sha256:5415b9494ff6240b09af06b91a375731febe0090218e2898d2b85f9b92abcda0",
                "sha256:5fd6e94593f6f9714dbad1aaba734b5ec04593374fa6638df61592055868f8b8",
                "sha256:619935a44f414274a2c08c9e74611965650b730eb4efe4b2270f91df5e4adf9a",
                "sha256:655b21ffd37a96b1e78cc48bf254f5ea4b5b85efaf9e9e2a526b3c9309d660ca",
                "sha256:665b21e95bc0fce5cab03b2e1d90ba9c66c510f1bb5fdc864f3a377d0f553f6b",
                "sha256:6a4bf607f690f7987ab3291406e012cd8591a4f77aa54f29b890f9c331e84989",
                "sha256:6cea1cca3be76c9483282dc7760ea1cc08a6ecec1f0b6ca0a94ea0d17432da19",
                "sha256:713d450cf8e61854de9420fb7eea8ad228df4e27e7d4ed465de98c955d2b3fa6",
                "sha256:726377bd60081172685c0ff46afbc600d064f01053190e4450857483c4d44484",
                "sha256:76b3e3976d2a452cba7aa9e453498ac72240d43030fdc6d538a72b87eaff52fd",
                "sha256:76dc19e660baea5c38e949455c1181bc018893f25372d10ffe24b3ed7341fb25",
                "sha256:76e5064fd8e94c3f74d9fd69b02d99e3cdb8fc286ed49a1f10b256e59d0d3a0b",
                "sha256:7f346d24d74c00b6730440f5eb8ec3fe5774ca8d1c9574e8e57c8671bb51b910",
                "sha256:81eeec4403a7d7684b5812a8aaa626fa23b7d0848edb3a28d2eb3220daddcbd0",
                "sha256:90b5bbf05fe3d3ef697103850c2ce3374558f6fe40fd57c9fac1bf14903f50a5",
                "sha256:9730929375021ec90f6447bff4f7f5508faef1c02f399a1953870cdb78e0c345",
                "sha256:9eb4a1d7399b9f3c7ac68ae6baa6be5f9195d1d08c9ddc45ad559aa6b556bce6",
                "sha256:a0409bc18a9f85321399c29baf93545152d74a49d92f2f55302f122007cfda00",
                "sha256:a22f4e26400f7f48faef2d69c20dc055a1f3043d330923f9abe08ea0aecc44df",
                "sha256:a53dfe8f82b715319e9953330fa5c8708b610d48b5c59f1316337302af5c0811",
                "sha256:a771dc64fa44ebe58d65768d869fcfb9060169d203446c1d446e844b62bdfdca",
                "sha256:a814dc3100e8a046ff48faeaa909e80cdb358411a3d6dd5293158425c684eda8",
                "sha256:a8870983af660798dc1b529e1fd6f1cefd94e45135a32e58bd70edd694540f33",
                "sha256:ac0adfdb3a21dc2a24ed728b61e72440d297d0fd3a577389df566651fcd08f97",
                "sha256:b395121e9bbe8d02a750886f108d540abe66075e61e22f7353d9acb0b81be0f0",
                "sha256:b9505a0c8579899057cbefd4ec34d865ab99852baf1ff33a9481eb3924e2da0b",
                "sha256:c0a5b1c22c82831f56f2f7ad9bbe4948879762fe0d59833a4a71f16e5fa0f682",
                "sha256:c3967dcc1cd2ea61b08b0b276659242cbce5caca39e7cbc02408222fb9e6ff39",
                "sha256:c6f4c2027689093775fd58ca2388d58789009116844432d920e9147f91acbe64",
                "sha256:c9d86401550b09a55410f32ceb5fe7efcd998bd2dad9e82521713cb148a4a15f",
                "sha256:cd468ec62257bb4544989402b19d795d2305eccb06cde5da0eb739b63dc04665",
                "sha256:cfcfb73aed40f550a57ea904629bdaf2e562c68fa1164fa4588e752af6efdc3f",
                "sha256:d0dd943282231480aad5f50f89bdf26690c995e8ff555f26d8a5b9887b559bcc",
                "sha256:d3c59a06c2c28a81a026ff11fbf012081ea34fb9b7052f2ed0366e14896f0a1d",
                "sha256:d45b75b0f3fd8d99f62eb7908cfa6d727b7ed190737dec7fe46d993da550b81a",
                "sha256:d46d5069e2eeda111d6f71970e341f4bd9aeeee92074e649ae263b834286ecc0",
                "sha256:d58ec349e0c2c0bc6669bf2cd4982d2f93bf067860d23a0ea1fe677b0f0b1e09",
                "sha256:db1b3ccb93488328c74e97ff888604a8b95ae4f35f4f56677ca57a4fc3a4220b",
                "sha256:dd65695a8df1233309b701dec2539cc4b11e97d4fcc0f4185b4a12ce54db0491",
                "sha256:f9482c2ed414781c0af0b35d9d575226da6b728bd1a720668fa05837184965b7",
                "sha256:f9671e7282d8c6fcabc32c0fb8d7c0ea8894ae85cee89c9aadc2d7129e1a9954",
                "sha256:fad7a051e07f64e297e6e8399b4d6a3bdcad3d7297409e9a06ef8cbccff4f501",
                "sha256:ffb08f2a1e59d38c7b8b9ac8083c9c8b9875f0955b1e9b9b9a965607a51f8e54"
            ],
            "markers": "python_version >= '3' and (platform_machine == 'aarch64' or (platform_machine == 'ppc64le' or (platform_machine == 'x86_64' or (platform_machine == 'amd64' or (platform_machine == 'AMD64' or (platform_machine == 'win32' or platform_machine == 'WIN32'))))))",
            "version": "==3.1.0"
        },
        "h11": {
            "hashes": [
                "sha256:8f19fbbe99e72420ff35c00b27a34cb9937e902a8b810e2c88300c6f0a3b699d",
                "sha256:e3fe4ac4b851c468cc8363d500db52c2ead036020723024a109d37346efaa761"
            ],
            "markers": "python_version >= '3.7'",
            "version": "==0.14.0"
        },
        "idna": {
            "hashes": [
                "sha256:050b4e5baadcd44d760cedbd2b8e639f2ff89bbc7a5730fcc662954303377aac",
                "sha256:d838c2c0ed6fced7693d5e8ab8e734d5f8fda53a039c0164afb0b82e771e3603"
            ],
            "markers": "python_version >= '3.6'",
            "version": "==3.8"
        },
        "iniconfig": {
            "hashes": [
                "sha256:2d91e135bf72d31a410b17c16da610a82cb55f6b0477d1a902134b24a455b8b3",
                "sha256:b6a85871a79d2e3b22d2d1b94ac2824226a63c6b741c88f7ae975f18b6778374"
            ],
            "markers": "python_version >= '3.7'",
            "version": "==2.0.0"
        },
        "packaging": {
            "hashes": [
                "sha256:026ed72c8ed3fcce5bf8950572258698927fd1dbda10a5e981cdf0ac37f4f002",
                "sha256:5b8f2217dbdbd2f7f384c41c628544e6d52f2d0f53c6d0c3ea61aa5d1d7ff124"
            ],
            "markers": "python_version >= '3.8'",
            "version": "==24.1"
        },
        "pluggy": {
            "hashes": [
                "sha256:2cffa88e94fdc978c4c574f15f9e59b7f4201d439195c3715ca9e2486f1d0cf1",
                "sha256:44e1ad92c8ca002de6377e165f3e0f1be63266ab4d554740532335b9d75ea669"
            ],
            "markers": "python_version >= '3.8'",
            "version": "==1.5.0"
        },
        "psycopg2-binary": {
            "hashes": [
                "sha256:00475004e5ed3e3bf5e056d66e5dcdf41a0dc62efcd57997acd9135c40a08a50",
                "sha256:01ad49d68dd8c5362e4bfb4158f2896dc6e0c02e87b8a3770fc003459f1a4425",
                "sha256:024030b13bdcbd53d8a93891a2cf07719715724fc9fee40243f3bd78b4264b8f",
                "sha256:02551647542f2bf89073d129c73c05a25c372fc0a49aa50e0de65c3c143d8bd0",
                "sha256:043a9fd45a03858ff72364b4b75090679bd875ee44df9c0613dc862ca6b98460",
                "sha256:05b3d479425e047c848b9782cd7aac9c6727ce23181eb9647baf64ffdfc3da41",
                "sha256:0775d6252ccb22b15da3b5d7adbbf8cfe284916b14b6dc0ff503a23edb01ee85",
                "sha256:1764546ffeaed4f9428707be61d68972eb5ede81239b46a45843e0071104d0dd",
                "sha256:1e491e6489a6cb1d079df8eaa15957c277fdedb102b6a68cfbf40c4994412fd0",
                "sha256:212757ffcecb3e1a5338d4e6761bf9c04f750e7d027117e74aa3cd8a75bb6fbd",
                "sha256:215d6bf7e66732a514f47614f828d8c0aaac9a648c46a831955cb103473c7147",
                "sha256:25382c7d174c679ce6927c16b6fbb68b10e56ee44b1acb40671e02d29f2fce7c",
                "sha256:2abccab84d057723d2ca8f99ff7b619285d40da6814d50366f61f0fc385c3903",
                "sha256:2d964eb24c8b021623df1c93c626671420c6efadbdb8655cb2bd5e0c6fa422ba",
                "sha256:2ec46ed947801652c9643e0b1dc334cfb2781232e375ba97312c2fc256597632",
                "sha256:2ef892cabdccefe577088a79580301f09f2a713eb239f4f9f62b2b29cafb0577",
                "sha256:33e632d0885b95a8b97165899006c40e9ecdc634a529dca7b991eb7de4ece41c",
                "sha256:3520d7af1ebc838cc6084a3281145d5cd5bdd43fdef139e6db5af01b92596cb7",
                "sha256:3d790f84201c3698d1bfb404c917f36e40531577a6dda02e45ba29b64d539867",
                "sha256:3fc33295cfccad697a97a76dec3f1e94ad848b7b163c3228c1636977966b51e2",
                "sha256:422e3d43b47ac20141bc84b3d342eead8d8099a62881a501e97d15f6addabfe9",
                "sha256:426c2ae999135d64e6a18849a7d1ad0e1bd007277e4a8f4752eaa40a96b550ff",
                "sha256:46512486be6fbceef51d7660dec017394ba3e170299d1dc30928cbedebbf103a",
                "sha256:46850a640df62ae940e34a163f72e26aca1f88e2da79148e1862faaac985c302",
                "sha256:484405b883630f3e74ed32041a87456c5e0e63a8e3429aa93e8714c366d62bd1",
                "sha256:4e7904d1920c0c89105c0517dc7e3f5c20fb4e56ba9cdef13048db76947f1d79",
                "sha256:56b2957a145f816726b109ee3d4e6822c23f919a7d91af5a94593723ed667835",
                "sha256:5c6527c8efa5226a9e787507652dd5ba97b62d29b53c371a85cd13f957fe4d42",
                "sha256:5cbc554ba47ecca8cd3396ddaca85e1ecfe3e48dd57dc5e415e59551affe568e",
                "sha256:5d28ecdf191db558d0c07d0f16524ee9d67896edf2b7990eea800abeb23ebd61",
                "sha256:5fc447058d083b8c6ac076fc26b446d44f0145308465d745fba93a28c14c9e32",
                "sha256:63e318dbe52709ed10d516a356f22a635e07a2e34c68145484ed96a19b0c4c68",
                "sha256:68d81a2fe184030aa0c5c11e518292e15d342a667184d91e30644c9d533e53e1",
                "sha256:6e63814ec71db9bdb42905c925639f319c80e7909fb76c3b84edc79dadef8d60",
                "sha256:6f8a9bcab7b6db2e3dbf65b214dfc795b4c6b3bb3af922901b6a67f7cb47d5f8",
                "sha256:70831e03bd53702c941da1a1ad36c17d825a24fbb26857b40913d58df82ec18b",
                "sha256:74eddec4537ab1f701a1647214734bc52cee2794df748f6ae5908e00771f180a",
                "sha256:7b3751857da3e224f5629400736a7b11e940b5da5f95fa631d86219a1beaafec",
                "sha256:7cf1d44e710ca3a9ce952bda2855830fe9f9017ed6259e01fcd71ea6287565f5",
                "sha256:7d07f552d1e412f4b4e64ce386d4c777a41da3b33f7098b6219012ba534fb2c2",
                "sha256:7d88db096fa19d94f433420eaaf9f3c45382da2dd014b93e4bf3215639047c16",
                "sha256:7ee3095d02d6f38bd7d9a5358fcc9ea78fcdb7176921528dd709cc63f40184f5",
                "sha256:902844f9c4fb19b17dfa84d9e2ca053d4a4ba265723d62ea5c9c26b38e0aa1e6",
                "sha256:937880290775033a743f4836aa253087b85e62784b63fd099ee725d567a48aa1",
                "sha256:95076399ec3b27a8f7fa1cc9a83417b1c920d55cf7a97f718a94efbb96c7f503",
                "sha256:9c38d3869238e9d3409239bc05bc27d6b7c99c2a460ea337d2814b35fb4fea1b",
                "sha256:9e32cedc389bcb76d9f24ea8a012b3cb8385ee362ea437e1d012ffaed106c17d",
                "sha256:9ffdc51001136b699f9563b1c74cc1f8c07f66ef7219beb6417a4c8aaa896c28",
                "sha256:a0adef094c49f242122bb145c3c8af442070dc0e4312db17e49058c1702606d4",
                "sha256:a36a0e791805aa136e9cbd0ffa040d09adec8610453ee8a753f23481a0057af5",
                "sha256:a7e518a0911c50f60313cb9e74a169a65b5d293770db4770ebf004245f24b5c5",
                "sha256:af0516e1711995cb08dc19bbd05bec7dbdebf4185f68870595156718d237df3e",
                "sha256:b8104f709590fff72af801e916817560dbe1698028cd0afe5a52d75ceb1fce5f",
                "sha256:b911dfb727e247340d36ae20c4b9259e4a64013ab9888ccb3cbba69b77fd9636",
                "sha256:b9a794cef1d9c1772b94a72eec6da144c18e18041d294a9ab47669bc77a80c1d",
                "sha256:b9c33d4aef08dfecbd1736ceab8b7b3c4358bf10a0121483e5cd60d3d308cc64",
                "sha256:b9d38a4656e4e715d637abdf7296e98d6267df0cc0a8e9a016f8ba07e4aa3eeb",
                "sha256:bcda1c84a1c533c528356da5490d464a139b6e84eb77cc0b432e38c5c6dd7882",
                "sha256:bef7e3f9dc6f0c13afdd671008534be5744e0e682fb851584c8c3a025ec09720",
                "sha256:c15ba5982c177bc4b23a7940c7e4394197e2d6a424a2d282e7c236b66da6d896",
                "sha256:c5254cbd4f4855e11cebf678c1a848a3042d455a22a4ce61349c36aafd4c2267",
                "sha256:c5682a45df7d9642eff590abc73157c887a68f016df0a8ad722dcc0f888f56d7",
                "sha256:c5e65c6ac0ae4bf5bef1667029f81010b6017795dcb817ba5c7b8a8d61fab76f",
                "sha256:d4c7b3a31502184e856df1f7bbb2c3735a05a8ce0ade34c5277e1577738a5c91",
                "sha256:d892bfa1d023c3781a3cab8dd5af76b626c483484d782e8bd047c180db590e4c",
                "sha256:dbc332beaf8492b5731229a881807cd7b91b50dbbbaf7fe2faf46942eda64a24",
                "sha256:dc85b3777068ed30aff8242be2813038a929f2084f69e43ef869daddae50f6ee",
                "sha256:e59137cdb970249ae60be2a49774c6dfb015bd0403f05af1fe61862e9626642d",
                "sha256:e67b3c26e9b6d37b370c83aa790bbc121775c57bfb096c2e77eacca25fd0233b",
                "sha256:e72c91bda9880f097c8aa3601a2c0de6c708763ba8128006151f496ca9065935",
                "sha256:f95b8aca2703d6a30249f83f4fe6a9abf2e627aa892a5caaab2267d56be7ab69"
            ],
            "index": "pypi",
            "markers": "python_version >= '3.6'",
            "version": "==2.9.5"
        },
        "py": {
            "hashes": [
                "sha256:51c75c4126074b472f746a24399ad32f6053d1b34b68d2fa41e558e6f4a98719",
                "sha256:607c53218732647dff4acdfcd50cb62615cedf612e72d1724fb1a0cc6405b378"
            ],
            "markers": "python_version >= '2.7' and python_version not in '3.0, 3.1, 3.2, 3.3, 3.4'",
            "version": "==1.11.0"
        },
        "pydantic": {
            "hashes": [
                "sha256:05e00dbebbe810b33c7a7362f231893183bcc4251f3f2ff991c31d5c08240c42",
                "sha256:06094d18dd5e6f2bbf93efa54991c3240964bb663b87729ac340eb5014310624",
                "sha256:0b959f4d8211fc964772b595ebb25f7652da3f22322c007b6fed26846a40685e",
                "sha256:19b3b9ccf97af2b7519c42032441a891a5e05c68368f40865a90eb88833c2559",
                "sha256:1b6ee725bd6e83ec78b1aa32c5b1fa67a3a65badddde3976bca5fe4568f27709",
                "sha256:1ee433e274268a4b0c8fde7ad9d58ecba12b069a033ecc4645bb6303c062d2e9",
                "sha256:216f3bcbf19c726b1cc22b099dd409aa371f55c08800bcea4c44c8f74b73478d",
                "sha256:2d0567e60eb01bccda3a4df01df677adf6b437958d35c12a3ac3e0f078b0ee52",
                "sha256:2e05aed07fa02231dbf03d0adb1be1d79cabb09025dd45aa094aa8b4e7b9dcda",
                "sha256:352aedb1d71b8b0736c6d56ad2bd34c6982720644b0624462059ab29bd6e5912",
                "sha256:355639d9afc76bcb9b0c3000ddcd08472ae75318a6eb67a15866b87e2efa168c",
                "sha256:37c90345ec7dd2f1bcef82ce49b6235b40f282b94d3eec47e801baf864d15525",
                "sha256:4b8795290deaae348c4eba0cebb196e1c6b98bdbe7f50b2d0d9a4a99716342fe",
                "sha256:5760e164b807a48a8f25f8aa1a6d857e6ce62e7ec83ea5d5c5a802eac81bad41",
                "sha256:6eb843dcc411b6a2237a694f5e1d649fc66c6064d02b204a7e9d194dff81eb4b",
                "sha256:7b5ba54d026c2bd2cb769d3468885f23f43710f651688e91f5fb1edcf0ee9283",
                "sha256:7c2abc4393dea97a4ccbb4ec7d8658d4e22c4765b7b9b9445588f16c71ad9965",
                "sha256:81a7b66c3f499108b448f3f004801fcd7d7165fb4200acb03f1c2402da73ce4c",
                "sha256:91b8e218852ef6007c2b98cd861601c6a09f1aa32bbbb74fab5b1c33d4a1e410",
                "sha256:9300fcbebf85f6339a02c6994b2eb3ff1b9c8c14f502058b5bf349d42447dcf5",
                "sha256:9cabf4a7f05a776e7793e72793cd92cc865ea0e83a819f9ae4ecccb1b8aa6116",
                "sha256:a1f5a63a6dfe19d719b1b6e6106561869d2efaca6167f84f5ab9347887d78b98",
                "sha256:a4c805731c33a8db4b6ace45ce440c4ef5336e712508b4d9e1aafa617dc9907f",
                "sha256:ae544c47bec47a86bc7d350f965d8b15540e27e5aa4f55170ac6a75e5f73b644",
                "sha256:b97890e56a694486f772d36efd2ba31612739bc6f3caeee50e9e7e3ebd2fdd13",
                "sha256:bb6ad4489af1bac6955d38ebcb95079a836af31e4c4f74aba1ca05bb9f6027bd",
                "sha256:bedf309630209e78582ffacda64a21f96f3ed2e51fbf3962d4d488e503420254",
                "sha256:c1ba1afb396148bbc70e9eaa8c06c1716fdddabaf86e7027c5988bae2a829ab6",
                "sha256:c33602f93bfb67779f9c507e4d69451664524389546bacfe1bee13cae6dc7488",
                "sha256:c4aac8e7103bf598373208f6299fa9a5cfd1fc571f2d40bf1dd1955a63d6eeb5",
                "sha256:c6f981882aea41e021f72779ce2a4e87267458cc4d39ea990729e21ef18f0f8c",
                "sha256:cc78cc83110d2f275ec1970e7a831f4e371ee92405332ebfe9860a715f8336e1",
                "sha256:d49f3db871575e0426b12e2f32fdb25e579dea16486a26e5a0474af87cb1ab0a",
                "sha256:dd3f9a40c16daf323cf913593083698caee97df2804aa36c4b3175d5ac1b92a2",
                "sha256:e0bedafe4bc165ad0a56ac0bd7695df25c50f76961da29c050712596cf092d6d",
                "sha256:e9069e1b01525a96e6ff49e25876d90d5a563bc31c658289a8772ae186552236"
            ],
            "index": "pypi",
            "markers": "python_version >= '3.7'",
            "version": "==1.10.2"
        },
        "pytest": {
            "hashes": [
                "sha256:131b36680866a76e6781d13f101efb86cf674ebb9762eb70d3082b6f29889e89",
                "sha256:7310f8d27bc79ced999e760ca304d69f6ba6c6649c0b60fb0e04a4a77cacc134"
            ],
            "index": "pypi",
            "markers": "python_version >= '3.6'",
            "version": "==6.2.5"
        },
        "sniffio": {
            "hashes": [
                "sha256:2f6da418d1f1e0fddd844478f41680e794e6051915791a034ff65e5f100525a2",
                "sha256:f4324edc670a0f49750a81b895f35c3adb843cca46f0530f79fc1babb23789dc"
            ],
            "markers": "python_version >= '3.7'",
            "version": "==1.3.1"
        },
        "sqlalchemy": {
            "hashes": [
                "sha256:047ef5ccd8860f6147b8ac6c45a4bc573d4e030267b45d9a1c47b55962ff0e6f",
                "sha256:05a05771617bfa723ba4cef58d5b25ac028b0d68f28f403edebed5b8243b3a87",
                "sha256:0ec54460475f0c42512895c99c63d90dd2d9cbd0c13491a184182e85074b04c5",
                "sha256:107df519eb33d7f8e0d0d052128af2f25066c1a0f6b648fd1a9612ab66800b86",
                "sha256:14ea8ff2d33c48f8e6c3c472111d893b9e356284d1482102da9678195e5a8eac",
                "sha256:1745987ada1890b0e7978abdb22c133eca2e89ab98dc17939042240063e1ef21",
                "sha256:1962dfee37b7fb17d3d4889bf84c4ea08b1c36707194c578f61e6e06d12ab90f",
                "sha256:20bf65bcce65c538e68d5df27402b39341fabeecf01de7e0e72b9d9836c13c52",
                "sha256:26146c59576dfe9c546c9f45397a7c7c4a90c25679492ff610a7500afc7d03a6",
                "sha256:365b75938049ae31cf2176efd3d598213ddb9eb883fbc82086efa019a5f649df",
                "sha256:4770eb3ba69ec5fa41c681a75e53e0e342ac24c1f9220d883458b5596888e43a",
                "sha256:50e7569637e2e02253295527ff34666706dbb2bc5f6c61a5a7f44b9610c9bb09",
                "sha256:5c2d19bfb33262bf987ef0062345efd0f54c4189c2d95159c72995457bf4a359",
                "sha256:621f050e72cc7dfd9ad4594ff0abeaad954d6e4a2891545e8f1a53dcdfbef445",
                "sha256:6d81de54e45f1d756785405c9d06cd17918c2eecc2d4262dc2d276ca612c2f61",
                "sha256:6f95706da857e6e79b54c33c1214f5467aab10600aa508ddd1239d5df271986e",
                "sha256:752ef2e8dbaa3c5d419f322e3632f00ba6b1c3230f65bc97c2ff5c5c6c08f441",
                "sha256:7b2785dd2a0c044a36836857ac27310dc7a99166253551ee8f5408930958cc60",
                "sha256:7f13644b15665f7322f9e0635129e0ef2098409484df67fcd225d954c5861559",
                "sha256:8194896038753b46b08a0b0ae89a5d80c897fb601dd51e243ed5720f1f155d27",
                "sha256:864d4f89f054819cb95e93100b7d251e4d114d1c60bc7576db07b046432af280",
                "sha256:8b773c9974c272aae0fa7e95b576d98d17ee65f69d8644f9b6ffc90ee96b4d19",
                "sha256:8f901be74f00a13bf375241a778455ee864c2c21c79154aad196b7a994e1144f",
                "sha256:91d2b89bb0c302f89e753bea008936acfa4e18c156fb264fe41eb6bbb2bbcdeb",
                "sha256:b0538b66f959771c56ff996d828081908a6a52a47c5548faed4a3d0a027a5368",
                "sha256:b30e70f1594ee3c8902978fd71900d7312453922827c4ce0012fa6a8278d6df4",
                "sha256:b71be98ef6e180217d1797185c75507060a57ab9cd835653e0112db16a710f0d",
                "sha256:c6d00cb9da8d0cbfaba18cad046e94b06de6d4d0ffd9d4095a3ad1838af22528",
                "sha256:d1f665e50592caf4cad3caed3ed86f93227bffe0680218ccbb293bd5a6734ca8",
                "sha256:e6e2c8581c6620136b9530137954a8376efffd57fe19802182c7561b0ab48b48",
                "sha256:e7a7667d928ba6ee361a3176e1bef6847c1062b37726b33505cc84136f657e0d",
                "sha256:ec3985c883d6d217cf2013028afc6e3c82b8907192ba6195d6e49885bfc4b19d",
                "sha256:ede13a472caa85a13abe5095e71676af985d7690eaa8461aeac5c74f6600b6c0",
                "sha256:f24d4d6ec301688c59b0c4bb1c1c94c5d0bff4ecad33bb8f5d9efdfb8d8bc925",
                "sha256:f2a42acc01568b9701665e85562bbff78ec3e21981c7d51d56717c22e5d3d58b",
                "sha256:fbc076f79d830ae4c9d49926180a1140b49fa675d0f0d555b44c9a15b29f4c80"
            ],
            "index": "pypi",
            "markers": "python_version >= '2.7' and python_version not in '3.0, 3.1, 3.2, 3.3, 3.4, 3.5'",
            "version": "==1.4.39"
        },
        "starlette": {
            "hashes": [
                "sha256:42fcf3122f998fefce3e2c5ad7e5edbf0f02cf685d646a83a08d404726af5084",
                "sha256:c0414d5a56297d37f3db96a84034d61ce29889b9eaccf65eb98a0b39441fcaa3"
            ],
            "markers": "python_version >= '3.7'",
            "version": "==0.20.4"
        },
        "toml": {
            "hashes": [
                "sha256:806143ae5bfb6a3c6e736a764057db0e6a0e05e338b5630894a5f779cabb4f9b",
                "sha256:b3bda1d108d5dd99f4a20d24d9c348e91c4db7ab1b749200bded2f839ccbe68f"
            ],
            "markers": "python_version >= '2.6' and python_version not in '3.0, 3.1, 3.2'",
            "version": "==0.10.2"
        },
        "typing-extensions": {
            "hashes": [
                "sha256:04e5ca0351e0f3f85c6853954072df659d0d13fac324d0072316b67d7794700d",
                "sha256:1a7ead55c7e559dd4dee8856e3a88b41225abfe1ce8df57b7c13915fe121ffb8"
            ],
            "markers": "python_version >= '3.8'",
            "version": "==4.12.2"
        },
        "uvicorn": {
            "hashes": [
                "sha256:19e2a0e96c9ac5581c01eb1a79a7d2f72bb479691acd2b8921fce48ed5b961a6",
                "sha256:5180f9d059611747d841a4a4c4ab675edf54c8489e97f96d0583ee90ac3bfc23"
            ],
            "index": "pypi",
            "markers": "python_version >= '3.7'",
            "version": "==0.17.6"
        }
    },
    "develop": {}
}
